
Microsoft Visual Studio Solution File, Format Version 12.00
# Visual Studio Version 16
VisualStudioVersion = 16.0.30011.22
MinimumVisualStudioVersion = 10.0.40219.1
Project("{FAE04EC0-301F-11D3-BF4B-00C04F79EFBC}") = "kafka-consumer-simple-csharp", "kafka-consumer-simple-csharp\kafka-consumer-simple-csharp.csproj", "{8E436844-FB5C-454B-96DB-1DCBAC142CEC}"
EndProject
Global
	GlobalSection(SolutionConfigurationPlatforms) = preSolution
		Debug|Any CPU = Debug|Any CPU
		Release|Any CPU = Release|Any CPU
	EndGlobalSection
	GlobalSection(ProjectConfigurationPlatforms) = postSolution
		{8E436844-FB5C-454B-96DB-1DCBAC142CEC}.Debug|Any CPU.ActiveCfg = Debug|Any CPU
		{8E436844-FB5C-454B-96DB-1DCBAC142CEC}.Debug|Any CPU.Build.0 = Debug|Any CPU
		{8E436844-FB5C-454B-96DB-1DCBAC142CEC}.Release|Any CPU.ActiveCfg = Release|Any CPU
		{8E436844-FB5C-454B-96DB-1DCBAC142CEC}.Release|Any CPU.Build.0 = Release|Any CPU
	EndGlobalSection
	GlobalSection(SolutionProperties) = preSolution
		HideSolutionNode = FALSE
	EndGlobalSection
	GlobalSection(ExtensibilityGlobals) = postSolution
		SolutionGuid = {568140F5-2C37-4780-A844-55A881221123}
	EndGlobalSection
EndGlobal
