
Microsoft Visual Studio Solution File, Format Version 12.00
# Visual Studio Version 16
VisualStudioVersion = 16.0.30011.22
MinimumVisualStudioVersion = 10.0.40219.1
Project("{FAE04EC0-301F-11D3-BF4B-00C04F79EFBC}") = "kafka-producer-simple-csharp", "kafka-producer-simple-csharp\kafka-producer-simple-csharp.csproj", "{E2CDC3ED-0AAD-4371-BD19-AC7B06AE9AC2}"
EndProject
Global
	GlobalSection(SolutionConfigurationPlatforms) = preSolution
		Debug|Any CPU = Debug|Any CPU
		Release|Any CPU = Release|Any CPU
	EndGlobalSection
	GlobalSection(ProjectConfigurationPlatforms) = postSolution
		{E2CDC3ED-0AAD-4371-BD19-AC7B06AE9AC2}.Debug|Any CPU.ActiveCfg = Debug|Any CPU
		{E2CDC3ED-0AAD-4371-BD19-AC7B06AE9AC2}.Debug|Any CPU.Build.0 = Debug|Any CPU
		{E2CDC3ED-0AAD-4371-BD19-AC7B06AE9AC2}.Release|Any CPU.ActiveCfg = Release|Any CPU
		{E2CDC3ED-0AAD-4371-BD19-AC7B06AE9AC2}.Release|Any CPU.Build.0 = Release|Any CPU
	EndGlobalSection
	GlobalSection(SolutionProperties) = preSolution
		HideSolutionNode = FALSE
	EndGlobalSection
	GlobalSection(ExtensibilityGlobals) = postSolution
		SolutionGuid = {D0BFB166-6A15-47BC-A55D-E960B68FAF43}
	EndGlobalSection
EndGlobal
